
Microsoft Visual Studio Solution File, Format Version 12.00
# Visual Studio 15
VisualStudioVersion = 15.0.28307.168
MinimumVisualStudioVersion = 10.0.40219.1
Project("{FAE04EC0-301F-11D3-BF4B-00C04F79EFBC}") = "XamarinVideoRecorder.Android", "XamarinVideoRecorder\XamarinVideoRecorder.Android\XamarinVideoRecorder.Android.csproj", "{7D000AF2-516B-4FFB-87D3-C5D9602D45AF}"
EndProject
Project("{FAE04EC0-301F-11D3-BF4B-00C04F79EFBC}") = "XamarinVideoRecorder.iOS", "XamarinVideoRecorder\XamarinVideoRecorder.iOS\XamarinVideoRecorder.iOS.csproj", "{5BCC55BA-B42C-4089-80F7-1530B2FA2BF6}"
EndProject
Project("{FAE04EC0-301F-11D3-BF4B-00C04F79EFBC}") = "XamarinVideoRecorder", "XamarinVideoRecorder\XamarinVideoRecorder\XamarinVideoRecorder.csproj", "{DD5A3E6E-E1D2-4FA5-A543-648B0ADE23CA}"
EndProject
Global
	GlobalSection(SolutionConfigurationPlatforms) = preSolution
		Ad-Hoc|Any CPU = Ad-Hoc|Any CPU
		Ad-Hoc|iPhone = Ad-Hoc|iPhone
		Ad-Hoc|iPhoneSimulator = Ad-Hoc|iPhoneSimulator
		AppStore|Any CPU = AppStore|Any CPU
		AppStore|iPhone = AppStore|iPhone
		AppStore|iPhoneSimulator = AppStore|iPhoneSimulator
		Debug|Any CPU = Debug|Any CPU
		Debug|iPhone = Debug|iPhone
		Debug|iPhoneSimulator = Debug|iPhoneSimulator
		Release|Any CPU = Release|Any CPU
		Release|iPhone = Release|iPhone
		Release|iPhoneSimulator = Release|iPhoneSimulator
	EndGlobalSection
	GlobalSection(ProjectConfigurationPlatforms) = postSolution
		{7D000AF2-516B-4FFB-87D3-C5D9602D45AF}.Ad-Hoc|Any CPU.ActiveCfg = Release|Any CPU
		{7D000AF2-516B-4FFB-87D3-C5D9602D45AF}.Ad-Hoc|Any CPU.Build.0 = Release|Any CPU
		{7D000AF2-516B-4FFB-87D3-C5D9602D45AF}.Ad-Hoc|Any CPU.Deploy.0 = Release|Any CPU
		{7D000AF2-516B-4FFB-87D3-C5D9602D45AF}.Ad-Hoc|iPhone.ActiveCfg = Release|Any CPU
		{7D000AF2-516B-4FFB-87D3-C5D9602D45AF}.Ad-Hoc|iPhone.Build.0 = Release|Any CPU
		{7D000AF2-516B-4FFB-87D3-C5D9602D45AF}.Ad-Hoc|iPhone.Deploy.0 = Release|Any CPU
		{7D000AF2-516B-4FFB-87D3-C5D9602D45AF}.Ad-Hoc|iPhoneSimulator.ActiveCfg = Release|Any CPU
		{7D000AF2-516B-4FFB-87D3-C5D9602D45AF}.Ad-Hoc|iPhoneSimulator.Build.0 = Release|Any CPU
		{7D000AF2-516B-4FFB-87D3-C5D9602D45AF}.Ad-Hoc|iPhoneSimulator.Deploy.0 = Release|Any CPU
		{7D000AF2-516B-4FFB-87D3-C5D9602D45AF}.AppStore|Any CPU.ActiveCfg = Release|Any CPU
		{7D000AF2-516B-4FFB-87D3-C5D9602D45AF}.AppStore|Any CPU.Build.0 = Release|Any CPU
		{7D000AF2-516B-4FFB-87D3-C5D9602D45AF}.AppStore|Any CPU.Deploy.0 = Release|Any CPU
		{7D000AF2-516B-4FFB-87D3-C5D9602D45AF}.AppStore|iPhone.ActiveCfg = Release|Any CPU
		{7D000AF2-516B-4FFB-87D3-C5D9602D45AF}.AppStore|iPhone.Build.0 = Release|Any CPU
		{7D000AF2-516B-4FFB-87D3-C5D9602D45AF}.AppStore|iPhone.Deploy.0 = Release|Any CPU
		{7D000AF2-516B-4FFB-87D3-C5D9602D45AF}.AppStore|iPhoneSimulator.ActiveCfg = Release|Any CPU
		{7D000AF2-516B-4FFB-87D3-C5D9602D45AF}.AppStore|iPhoneSimulator.Build.0 = Release|Any CPU
		{7D000AF2-516B-4FFB-87D3-C5D9602D45AF}.AppStore|iPhoneSimulator.Deploy.0 = Release|Any CPU
		{7D000AF2-516B-4FFB-87D3-C5D9602D45AF}.Debug|Any CPU.ActiveCfg = Debug|Any CPU
		{7D000AF2-516B-4FFB-87D3-C5D9602D45AF}.Debug|Any CPU.Build.0 = Debug|Any CPU
		{7D000AF2-516B-4FFB-87D3-C5D9602D45AF}.Debug|Any CPU.Deploy.0 = Debug|Any CPU
		{7D000AF2-516B-4FFB-87D3-C5D9602D45AF}.Debug|iPhone.ActiveCfg = Debug|Any CPU
		{7D000AF2-516B-4FFB-87D3-C5D9602D45AF}.Debug|iPhone.Build.0 = Debug|Any CPU
		{7D000AF2-516B-4FFB-87D3-C5D9602D45AF}.Debug|iPhone.Deploy.0 = Debug|Any CPU
		{7D000AF2-516B-4FFB-87D3-C5D9602D45AF}.Debug|iPhoneSimulator.ActiveCfg = Debug|Any CPU
		{7D000AF2-516B-4FFB-87D3-C5D9602D45AF}.Debug|iPhoneSimulator.Build.0 = Debug|Any CPU
		{7D000AF2-516B-4FFB-87D3-C5D9602D45AF}.Debug|iPhoneSimulator.Deploy.0 = Debug|Any CPU
		{7D000AF2-516B-4FFB-87D3-C5D9602D45AF}.Release|Any CPU.ActiveCfg = Release|Any CPU
		{7D000AF2-516B-4FFB-87D3-C5D9602D45AF}.Release|Any CPU.Build.0 = Release|Any CPU
		{7D000AF2-516B-4FFB-87D3-C5D9602D45AF}.Release|Any CPU.Deploy.0 = Release|Any CPU
		{7D000AF2-516B-4FFB-87D3-C5D9602D45AF}.Release|iPhone.ActiveCfg = Release|Any CPU
		{7D000AF2-516B-4FFB-87D3-C5D9602D45AF}.Release|iPhone.Build.0 = Release|Any CPU
		{7D000AF2-516B-4FFB-87D3-C5D9602D45AF}.Release|iPhone.Deploy.0 = Release|Any CPU
		{7D000AF2-516B-4FFB-87D3-C5D9602D45AF}.Release|iPhoneSimulator.ActiveCfg = Release|Any CPU
		{7D000AF2-516B-4FFB-87D3-C5D9602D45AF}.Release|iPhoneSimulator.Build.0 = Release|Any CPU
		{7D000AF2-516B-4FFB-87D3-C5D9602D45AF}.Release|iPhoneSimulator.Deploy.0 = Release|Any CPU
		{5BCC55BA-B42C-4089-80F7-1530B2FA2BF6}.Ad-Hoc|Any CPU.ActiveCfg = Ad-Hoc|iPhone
		{5BCC55BA-B42C-4089-80F7-1530B2FA2BF6}.Ad-Hoc|Any CPU.Build.0 = Ad-Hoc|iPhone
		{5BCC55BA-B42C-4089-80F7-1530B2FA2BF6}.Ad-Hoc|Any CPU.Deploy.0 = Ad-Hoc|iPhone
		{5BCC55BA-B42C-4089-80F7-1530B2FA2BF6}.Ad-Hoc|iPhone.ActiveCfg = Ad-Hoc|iPhone
		{5BCC55BA-B42C-4089-80F7-1530B2FA2BF6}.Ad-Hoc|iPhone.Build.0 = Ad-Hoc|iPhone
		{5BCC55BA-B42C-4089-80F7-1530B2FA2BF6}.Ad-Hoc|iPhone.Deploy.0 = Ad-Hoc|iPhone
		{5BCC55BA-B42C-4089-80F7-1530B2FA2BF6}.Ad-Hoc|iPhoneSimulator.ActiveCfg = Ad-Hoc|iPhoneSimulator
		{5BCC55BA-B42C-4089-80F7-1530B2FA2BF6}.Ad-Hoc|iPhoneSimulator.Build.0 = Ad-Hoc|iPhoneSimulator
		{5BCC55BA-B42C-4089-80F7-1530B2FA2BF6}.Ad-Hoc|iPhoneSimulator.Deploy.0 = Ad-Hoc|iPhoneSimulator
		{5BCC55BA-B42C-4089-80F7-1530B2FA2BF6}.AppStore|Any CPU.ActiveCfg = AppStore|iPhone
		{5BCC55BA-B42C-4089-80F7-1530B2FA2BF6}.AppStore|Any CPU.Build.0 = AppStore|iPhone
		{5BCC55BA-B42C-4089-80F7-1530B2FA2BF6}.AppStore|Any CPU.Deploy.0 = AppStore|iPhone
		{5BCC55BA-B42C-4089-80F7-1530B2FA2BF6}.AppStore|iPhone.ActiveCfg = AppStore|iPhone
		{5BCC55BA-B42C-4089-80F7-1530B2FA2BF6}.AppStore|iPhone.Build.0 = AppStore|iPhone
		{5BCC55BA-B42C-4089-80F7-1530B2FA2BF6}.AppStore|iPhone.Deploy.0 = AppStore|iPhone
		{5BCC55BA-B42C-4089-80F7-1530B2FA2BF6}.AppStore|iPhoneSimulator.ActiveCfg = AppStore|iPhoneSimulator
		{5BCC55BA-B42C-4089-80F7-1530B2FA2BF6}.AppStore|iPhoneSimulator.Build.0 = AppStore|iPhoneSimulator
		{5BCC55BA-B42C-4089-80F7-1530B2FA2BF6}.AppStore|iPhoneSimulator.Deploy.0 = AppStore|iPhoneSimulator
		{5BCC55BA-B42C-4089-80F7-1530B2FA2BF6}.Debug|Any CPU.ActiveCfg = Debug|iPhoneSimulator
		{5BCC55BA-B42C-4089-80F7-1530B2FA2BF6}.Debug|Any CPU.Build.0 = Debug|iPhoneSimulator
		{5BCC55BA-B42C-4089-80F7-1530B2FA2BF6}.Debug|Any CPU.Deploy.0 = Debug|iPhoneSimulator
		{5BCC55BA-B42C-4089-80F7-1530B2FA2BF6}.Debug|iPhone.ActiveCfg = Debug|iPhone
		{5BCC55BA-B42C-4089-80F7-1530B2FA2BF6}.Debug|iPhone.Build.0 = Debug|iPhone
		{5BCC55BA-B42C-4089-80F7-1530B2FA2BF6}.Debug|iPhone.Deploy.0 = Debug|iPhone
		{5BCC55BA-B42C-4089-80F7-1530B2FA2BF6}.Debug|iPhoneSimulator.ActiveCfg = Debug|iPhoneSimulator
		{5BCC55BA-B42C-4089-80F7-1530B2FA2BF6}.Debug|iPhoneSimulator.Build.0 = Debug|iPhoneSimulator
		{5BCC55BA-B42C-4089-80F7-1530B2FA2BF6}.Debug|iPhoneSimulator.Deploy.0 = Debug|iPhoneSimulator
		{5BCC55BA-B42C-4089-80F7-1530B2FA2BF6}.Release|Any CPU.ActiveCfg = Release|iPhone
		{5BCC55BA-B42C-4089-80F7-1530B2FA2BF6}.Release|Any CPU.Build.0 = Release|iPhone
		{5BCC55BA-B42C-4089-80F7-1530B2FA2BF6}.Release|Any CPU.Deploy.0 = Release|iPhone
		{5BCC55BA-B42C-4089-80F7-1530B2FA2BF6}.Release|iPhone.ActiveCfg = Release|iPhone
		{5BCC55BA-B42C-4089-80F7-1530B2FA2BF6}.Release|iPhone.Build.0 = Release|iPhone
		{5BCC55BA-B42C-4089-80F7-1530B2FA2BF6}.Release|iPhone.Deploy.0 = Release|iPhone
		{5BCC55BA-B42C-4089-80F7-1530B2FA2BF6}.Release|iPhoneSimulator.ActiveCfg = Release|iPhoneSimulator
		{5BCC55BA-B42C-4089-80F7-1530B2FA2BF6}.Release|iPhoneSimulator.Build.0 = Release|iPhoneSimulator
		{5BCC55BA-B42C-4089-80F7-1530B2FA2BF6}.Release|iPhoneSimulator.Deploy.0 = Release|iPhoneSimulator
		{DD5A3E6E-E1D2-4FA5-A543-648B0ADE23CA}.Ad-Hoc|Any CPU.ActiveCfg = Debug|Any CPU
		{DD5A3E6E-E1D2-4FA5-A543-648B0ADE23CA}.Ad-Hoc|Any CPU.Build.0 = Debug|Any CPU
		{DD5A3E6E-E1D2-4FA5-A543-648B0ADE23CA}.Ad-Hoc|Any CPU.Deploy.0 = Debug|Any CPU
		{DD5A3E6E-E1D2-4FA5-A543-648B0ADE23CA}.Ad-Hoc|iPhone.ActiveCfg = Debug|Any CPU
		{DD5A3E6E-E1D2-4FA5-A543-648B0ADE23CA}.Ad-Hoc|iPhone.Build.0 = Debug|Any CPU
		{DD5A3E6E-E1D2-4FA5-A543-648B0ADE23CA}.Ad-Hoc|iPhone.Deploy.0 = Debug|Any CPU
		{DD5A3E6E-E1D2-4FA5-A543-648B0ADE23CA}.Ad-Hoc|iPhoneSimulator.ActiveCfg = Debug|Any CPU
		{DD5A3E6E-E1D2-4FA5-A543-648B0ADE23CA}.Ad-Hoc|iPhoneSimulator.Build.0 = Debug|Any CPU
		{DD5A3E6E-E1D2-4FA5-A543-648B0ADE23CA}.Ad-Hoc|iPhoneSimulator.Deploy.0 = Debug|Any CPU
		{DD5A3E6E-E1D2-4FA5-A543-648B0ADE23CA}.AppStore|Any CPU.ActiveCfg = Debug|Any CPU
		{DD5A3E6E-E1D2-4FA5-A543-648B0ADE23CA}.AppStore|Any CPU.Build.0 = Debug|Any CPU
		{DD5A3E6E-E1D2-4FA5-A543-648B0ADE23CA}.AppStore|Any CPU.Deploy.0 = Debug|Any CPU
		{DD5A3E6E-E1D2-4FA5-A543-648B0ADE23CA}.AppStore|iPhone.ActiveCfg = Debug|Any CPU
		{DD5A3E6E-E1D2-4FA5-A543-648B0ADE23CA}.AppStore|iPhone.Build.0 = Debug|Any CPU
		{DD5A3E6E-E1D2-4FA5-A543-648B0ADE23CA}.AppStore|iPhone.Deploy.0 = Debug|Any CPU
		{DD5A3E6E-E1D2-4FA5-A543-648B0ADE23CA}.AppStore|iPhoneSimulator.ActiveCfg = Debug|Any CPU
		{DD5A3E6E-E1D2-4FA5-A543-648B0ADE23CA}.AppStore|iPhoneSimulator.Build.0 = Debug|Any CPU
		{DD5A3E6E-E1D2-4FA5-A543-648B0ADE23CA}.AppStore|iPhoneSimulator.Deploy.0 = Debug|Any CPU
		{DD5A3E6E-E1D2-4FA5-A543-648B0ADE23CA}.Debug|Any CPU.ActiveCfg = Debug|Any CPU
		{DD5A3E6E-E1D2-4FA5-A543-648B0ADE23CA}.Debug|Any CPU.Build.0 = Debug|Any CPU
		{DD5A3E6E-E1D2-4FA5-A543-648B0ADE23CA}.Debug|Any CPU.Deploy.0 = Debug|Any CPU
		{DD5A3E6E-E1D2-4FA5-A543-648B0ADE23CA}.Debug|iPhone.ActiveCfg = Debug|Any CPU
		{DD5A3E6E-E1D2-4FA5-A543-648B0ADE23CA}.Debug|iPhone.Build.0 = Debug|Any CPU
		{DD5A3E6E-E1D2-4FA5-A543-648B0ADE23CA}.Debug|iPhone.Deploy.0 = Debug|Any CPU
		{DD5A3E6E-E1D2-4FA5-A543-648B0ADE23CA}.Debug|iPhoneSimulator.ActiveCfg = Debug|Any CPU
		{DD5A3E6E-E1D2-4FA5-A543-648B0ADE23CA}.Debug|iPhoneSimulator.Build.0 = Debug|Any CPU
		{DD5A3E6E-E1D2-4FA5-A543-648B0ADE23CA}.Debug|iPhoneSimulator.Deploy.0 = Debug|Any CPU
		{DD5A3E6E-E1D2-4FA5-A543-648B0ADE23CA}.Release|Any CPU.ActiveCfg = Release|Any CPU
		{DD5A3E6E-E1D2-4FA5-A543-648B0ADE23CA}.Release|Any CPU.Build.0 = Release|Any CPU
		{DD5A3E6E-E1D2-4FA5-A543-648B0ADE23CA}.Release|Any CPU.Deploy.0 = Release|Any CPU
		{DD5A3E6E-E1D2-4FA5-A543-648B0ADE23CA}.Release|iPhone.ActiveCfg = Release|Any CPU
		{DD5A3E6E-E1D2-4FA5-A543-648B0ADE23CA}.Release|iPhone.Build.0 = Release|Any CPU
		{DD5A3E6E-E1D2-4FA5-A543-648B0ADE23CA}.Release|iPhone.Deploy.0 = Release|Any CPU
		{DD5A3E6E-E1D2-4FA5-A543-648B0ADE23CA}.Release|iPhoneSimulator.ActiveCfg = Release|Any CPU
		{DD5A3E6E-E1D2-4FA5-A543-648B0ADE23CA}.Release|iPhoneSimulator.Build.0 = Release|Any CPU
		{DD5A3E6E-E1D2-4FA5-A543-648B0ADE23CA}.Release|iPhoneSimulator.Deploy.0 = Release|Any CPU
	EndGlobalSection
	GlobalSection(SolutionProperties) = preSolution
		HideSolutionNode = FALSE
	EndGlobalSection
	GlobalSection(ExtensibilityGlobals) = postSolution
		SolutionGuid = {1A1FA807-A579-4D66-A4D6-8D26E019D7F8}
	EndGlobalSection
EndGlobal
